// !$*UTF8*$!
{
	archiveVersion = 1;
	classes = {
	};
	objectVersion = 50;
	objects = {

/* Begin PBXBuildFile section */
		503608AB2101AB030035B70E /* AppDelegate.swift in Sources */ = {isa = PBXBuildFile; fileRef = 503608AA2101AB030035B70E /* AppDelegate.swift */; };
		503608AD2101AB030035B70E /* ViewController.swift in Sources */ = {isa = PBXBuildFile; fileRef = 503608AC2101AB030035B70E /* ViewController.swift */; };
		503608B02101AB030035B70E /* Main.storyboard in Resources */ = {isa = PBXBuildFile; fileRef = 503608AE2101AB030035B70E /* Main.storyboard */; };
		503608B22101AB180035B70E /* Assets.xcassets in Resources */ = {isa = PBXBuildFile; fileRef = 503608B12101AB180035B70E /* Assets.xcassets */; };
		503608B52101AB180035B70E /* LaunchScreen.storyboard in Resources */ = {isa = PBXBuildFile; fileRef = 503608B32101AB180035B70E /* LaunchScreen.storyboard */; };
		503608C32101C9C10035B70E /* SwiftCharts.framework in Frameworks */ = {isa = PBXBuildFile; fileRef = 503608C22101C9C10035B70E /* SwiftCharts.framework */; };
		503608C72101DB5E0035B70E /* ScrollableGraphView.framework in Frameworks */ = {isa = PBXBuildFile; fileRef = 503608C62101DB5E0035B70E /* ScrollableGraphView.framework */; };
		503608C92101E2CC0035B70E /* UIColor+colorFromHex.swift in Sources */ = {isa = PBXBuildFile; fileRef = 503608C82101E2CC0035B70E /* UIColor+colorFromHex.swift */; };
		503608CB2101E3550035B70E /* ScrollableGraphViewController.swift in Sources */ = {isa = PBXBuildFile; fileRef = 503608CA2101E3550035B70E /* ScrollableGraphViewController.swift */; };
/* End PBXBuildFile section */

/* Begin PBXFileReference section */
		503608A72101AB030035B70E /* SwiftGraphsCharts.app */ = {isa = PBXFileReference; explicitFileType = wrapper.application; includeInIndex = 0; path = SwiftGraphsCharts.app; sourceTree = BUILT_PRODUCTS_DIR; };
		503608AA2101AB030035B70E /* AppDelegate.swift */ = {isa = PBXFileReference; lastKnownFileType = sourcecode.swift; path = AppDelegate.swift; sourceTree = "<group>"; };
		503608AC2101AB030035B70E /* ViewController.swift */ = {isa = PBXFileReference; lastKnownFileType = sourcecode.swift; path = ViewController.swift; sourceTree = "<group>"; };
		503608AF2101AB030035B70E /* Base */ = {isa = PBXFileReference; lastKnownFileType = file.storyboard; name = Base; path = Base.lproj/Main.storyboard; sourceTree = "<group>"; };
		503608B12101AB180035B70E /* Assets.xcassets */ = {isa = PBXFileReference; lastKnownFileType = folder.assetcatalog; path = Assets.xcassets; sourceTree = "<group>"; };
		503608B42101AB180035B70E /* Base */ = {isa = PBXFileReference; lastKnownFileType = file.storyboard; name = Base; path = Base.lproj/LaunchScreen.storyboard; sourceTree = "<group>"; };
		503608B62101AB190035B70E /* Info.plist */ = {isa = PBXFileReference; lastKnownFileType = text.plist.xml; path = Info.plist; sourceTree = "<group>"; };
		503608BC2101AEB30035B70E /* SwiftCharts.framework */ = {isa = PBXFileReference; lastKnownFileType = wrapper.framework; path = SwiftCharts.framework; sourceTree = "<group>"; };
		503608C22101C9C10035B70E /* SwiftCharts.framework */ = {isa = PBXFileReference; lastKnownFileType = wrapper.framework; name = SwiftCharts.framework; path = ../Carthage/Build/iOS/SwiftCharts.framework; sourceTree = "<group>"; };
		503608C62101DB5E0035B70E /* ScrollableGraphView.framework */ = {isa = PBXFileReference; lastKnownFileType = wrapper.framework; name = ScrollableGraphView.framework; path = Carthage/Build/iOS/ScrollableGraphView.framework; sourceTree = "<group>"; };
		503608C82101E2CC0035B70E /* UIColor+colorFromHex.swift */ = {isa = PBXFileReference; lastKnownFileType = sourcecode.swift; path = "UIColor+colorFromHex.swift"; sourceTree = "<group>"; };
		503608CA2101E3550035B70E /* ScrollableGraphViewController.swift */ = {isa = PBXFileReference; lastKnownFileType = sourcecode.swift; path = ScrollableGraphViewController.swift; sourceTree = "<group>"; };
/* End PBXFileReference section */

/* Begin PBXFrameworksBuildPhase section */
		503608A42101AB030035B70E /* Frameworks */ = {
			isa = PBXFrameworksBuildPhase;
			buildActionMask = 2147483647;
			files = (
				503608C32101C9C10035B70E /* SwiftCharts.framework in Frameworks */,
				503608C72101DB5E0035B70E /* ScrollableGraphView.framework in Frameworks */,
			);
			runOnlyForDeploymentPostprocessing = 0;
		};
/* End PBXFrameworksBuildPhase section */

/* Begin PBXGroup section */
		5036089E2101AB020035B70E = {
			isa = PBXGroup;
			children = (
				503608BC2101AEB30035B70E /* SwiftCharts.framework */,
				503608A92101AB030035B70E /* SwiftGraphsCharts */,
				503608A82101AB030035B70E /* Products */,
				503608C12101C9C00035B70E /* Frameworks */,
			);
			sourceTree = "<group>";
		};
		503608A82101AB030035B70E /* Products */ = {
			isa = PBXGroup;
			children = (
				503608A72101AB030035B70E /* SwiftGraphsCharts.app */,
			);
			name = Products;
			sourceTree = "<group>";
		};
		503608A92101AB030035B70E /* SwiftGraphsCharts */ = {
			isa = PBXGroup;
			children = (
				503608AA2101AB030035B70E /* AppDelegate.swift */,
				503608AC2101AB030035B70E /* ViewController.swift */,
				503608AE2101AB030035B70E /* Main.storyboard */,
				503608C82101E2CC0035B70E /* UIColor+colorFromHex.swift */,
				503608CA2101E3550035B70E /* ScrollableGraphViewController.swift */,
				503608B12101AB180035B70E /* Assets.xcassets */,
				503608B32101AB180035B70E /* LaunchScreen.storyboard */,
				503608B62101AB190035B70E /* Info.plist */,
			);
			path = SwiftGraphsCharts;
			sourceTree = "<group>";
		};
		503608C12101C9C00035B70E /* Frameworks */ = {
			isa = PBXGroup;
			children = (
				503608C62101DB5E0035B70E /* ScrollableGraphView.framework */,
				503608C22101C9C10035B70E /* SwiftCharts.framework */,
			);
			name = Frameworks;
			sourceTree = "<group>";
		};
/* End PBXGroup section */

/* Begin PBXNativeTarget section */
		503608A62101AB030035B70E /* SwiftGraphsCharts */ = {
			isa = PBXNativeTarget;
			buildConfigurationList = 503608B92101AB190035B70E /* Build configuration list for PBXNativeTarget "SwiftGraphsCharts" */;
			buildPhases = (
				503608A32101AB030035B70E /* Sources */,
				503608A42101AB030035B70E /* Frameworks */,
				503608A52101AB030035B70E /* Resources */,
				503608C02101AEBC0035B70E /* SwiftCharts Scripts */,
			);
			buildRules = (
			);
			dependencies = (
			);
			name = SwiftGraphsCharts;
			productName = SwiftGraphsCharts;
			productReference = 503608A72101AB030035B70E /* SwiftGraphsCharts.app */;
			productType = "com.apple.product-type.application";
		};
/* End PBXNativeTarget section */

/* Begin PBXProject section */
		5036089F2101AB020035B70E /* Project object */ = {
			isa = PBXProject;
			attributes = {
				LastSwiftUpdateCheck = 0940;
				LastUpgradeCheck = 0940;
				ORGANIZATIONNAME = "Landry Achia Ndong";
				TargetAttributes = {
					503608A62101AB030035B70E = {
						CreatedOnToolsVersion = 9.4;
					};
				};
			};
			buildConfigurationList = 503608A22101AB020035B70E /* Build configuration list for PBXProject "SwiftGraphsCharts" */;
			compatibilityVersion = "Xcode 9.3";
			developmentRegion = en;
			hasScannedForEncodings = 0;
			knownRegions = (
				en,
				Base,
			);
			mainGroup = 5036089E2101AB020035B70E;
			productRefGroup = 503608A82101AB030035B70E /* Products */;
			projectDirPath = "";
			projectRoot = "";
			targets = (
				503608A62101AB030035B70E /* SwiftGraphsCharts */,
			);
		};
/* End PBXProject section */

/* Begin PBXResourcesBuildPhase section */
		503608A52101AB030035B70E /* Resources */ = {
			isa = PBXResourcesBuildPhase;
			buildActionMask = 2147483647;
			files = (
				503608B52101AB180035B70E /* LaunchScreen.storyboard in Resources */,
				503608B22101AB180035B70E /* Assets.xcassets in Resources */,
				503608B02101AB030035B70E /* Main.storyboard in Resources */,
			);
			runOnlyForDeploymentPostprocessing = 0;
		};
/* End PBXResourcesBuildPhase section */

/* Begin PBXShellScriptBuildPhase section */
		503608C02101AEBC0035B70E /* SwiftCharts Scripts */ = {
			isa = PBXShellScriptBuildPhase;
			buildActionMask = 2147483647;
			files = (
			);
			inputPaths = (
				"$(SRCROOT)/Carthage/Build/iOS/SwiftCharts.framework",
				"$(SRCROOT)/Carthage/Build/iOS/ScrollableGraphView.framework",
			);
			name = "SwiftCharts Scripts";
			outputPaths = (
				"$(BUILT_PRODUCTS_DIR)/$(FRAMEWORKS_FOLDER_PATH)/SwiftCharts.framework",
				"$(BUILT_PRODUCTS_DIR)/$(FRAMEWORKS_FOLDER_PATH)/ScrollableGraphView.framework",
			);
			runOnlyForDeploymentPostprocessing = 0;
			shellPath = /bin/sh;
			shellScript = "/usr/local/bin/carthage copy-frameworks";
		};
/* End PBXShellScriptBuildPhase section */

/* Begin PBXSourcesBuildPhase section */
		503608A32101AB030035B70E /* Sources */ = {
			isa = PBXSourcesBuildPhase;
			buildActionMask = 2147483647;
			files = (
				503608AD2101AB030035B70E /* ViewController.swift in Sources */,
				503608AB2101AB030035B70E /* AppDelegate.swift in Sources */,
				503608CB2101E3550035B70E /* ScrollableGraphViewController.swift in Sources */,
				503608C92101E2CC0035B70E /* UIColor+colorFromHex.swift in Sources */,
			);
			runOnlyForDeploymentPostprocessing = 0;
		};
/* End PBXSourcesBuildPhase section */

/* Begin PBXVariantGroup section */
		503608AE2101AB030035B70E /* Main.storyboard */ = {
			isa = PBXVariantGroup;
			children = (
				503608AF2101AB030035B70E /* Base */,
			);
			name = Main.storyboard;
			sourceTree = "<group>";
		};
		503608B32101AB180035B70E /* LaunchScreen.storyboard */ = {
			isa = PBXVariantGroup;
			children = (
				503608B42101AB180035B70E /* Base */,
			);
			name = LaunchScreen.storyboard;
			sourceTree = "<group>";
		};
/* End PBXVariantGroup section */

/* Begin XCBuildConfiguration section */
		503608B72101AB190035B70E /* Debug */ = {
			isa = XCBuildConfiguration;
			buildSettings = {
				ALWAYS_SEARCH_USER_PATHS = NO;
				CLANG_ANALYZER_NONNULL = YES;
				CLANG_ANALYZER_NUMBER_OBJECT_CONVERSION = YES_AGGRESSIVE;
				CLANG_CXX_LANGUAGE_STANDARD = "gnu++14";
				CLANG_CXX_LIBRARY = "libc++";
				CLANG_ENABLE_MODULES = YES;
				CLANG_ENABLE_OBJC_ARC = YES;
				CLANG_ENABLE_OBJC_WEAK = YES;
				CLANG_WARN_BLOCK_CAPTURE_AUTORELEASING = YES;
				CLANG_WARN_BOOL_CONVERSION = YES;
				CLANG_WARN_COMMA = YES;
				CLANG_WARN_CONSTANT_CONVERSION = YES;
				CLANG_WARN_DEPRECATED_OBJC_IMPLEMENTATIONS = YES;
				CLANG_WARN_DIRECT_OBJC_ISA_USAGE = YES_ERROR;
				CLANG_WARN_DOCUMENTATION_COMMENTS = YES;
				CLANG_WARN_EMPTY_BODY = YES;
				CLANG_WARN_ENUM_CONVERSION = YES;
				CLANG_WARN_INFINITE_RECURSION = YES;
				CLANG_WARN_INT_CONVERSION = YES;
				CLANG_WARN_NON_LITERAL_NULL_CONVERSION = YES;
				CLANG_WARN_OBJC_IMPLICIT_RETAIN_SELF = YES;
				CLANG_WARN_OBJC_LITERAL_CONVERSION = YES;
				CLANG_WARN_OBJC_ROOT_CLASS = YES_ERROR;
				CLANG_WARN_RANGE_LOOP_ANALYSIS = YES;
				CLANG_WARN_STRICT_PROTOTYPES = YES;
				CLANG_WARN_SUSPICIOUS_MOVE = YES;
				CLANG_WARN_UNGUARDED_AVAILABILITY = YES_AGGRESSIVE;
				CLANG_WARN_UNREACHABLE_CODE = YES;
				CLANG_WARN__DUPLICATE_METHOD_MATCH = YES;
				CODE_SIGN_IDENTITY = "iPhone Developer";
				COPY_PHASE_STRIP = NO;
				DEBUG_INFORMATION_FORMAT = dwarf;
				ENABLE_STRICT_OBJC_MSGSEND = YES;
				ENABLE_TESTABILITY = YES;
				GCC_C_LANGUAGE_STANDARD = gnu11;
				GCC_DYNAMIC_NO_PIC = NO;
				GCC_NO_COMMON_BLOCKS = YES;
				GCC_OPTIMIZATION_LEVEL = 0;
				GCC_PREPROCESSOR_DEFINITIONS = (
					"DEBUG=1",
					"$(inherited)",
				);
				GCC_WARN_64_TO_32_BIT_CONVERSION = YES;
				GCC_WARN_ABOUT_RETURN_TYPE = YES_ERROR;
				GCC_WARN_UNDECLARED_SELECTOR = YES;
				GCC_WARN_UNINITIALIZED_AUTOS = YES_AGGRESSIVE;
				GCC_WARN_UNUSED_FUNCTION = YES;
				GCC_WARN_UNUSED_VARIABLE = YES;
				IPHONEOS_DEPLOYMENT_TARGET = 11.4;
				MTL_ENABLE_DEBUG_INFO = YES;
				ONLY_ACTIVE_ARCH = YES;
				SDKROOT = iphoneos;
				SWIFT_ACTIVE_COMPILATION_CONDITIONS = DEBUG;
				SWIFT_OPTIMIZATION_LEVEL = "-Onone";
			};
			name = Debug;
		};
		503608B82101AB190035B70E /* Release */ = {
			isa = XCBuildConfiguration;
			buildSettings = {
				ALWAYS_SEARCH_USER_PATHS = NO;
				CLANG_ANALYZER_NONNULL = YES;
				CLANG_ANALYZER_NUMBER_OBJECT_CONVERSION = YES_AGGRESSIVE;
				CLANG_CXX_LANGUAGE_STANDARD = "gnu++14";
				CLANG_CXX_LIBRARY = "libc++";
				CLANG_ENABLE_MODULES = YES;
				CLANG_ENABLE_OBJC_ARC = YES;
				CLANG_ENABLE_OBJC_WEAK = YES;
				CLANG_WARN_BLOCK_CAPTURE_AUTORELEASING = YES;
				CLANG_WARN_BOOL_CONVERSION = YES;
				CLANG_WARN_COMMA = YES;
				CLANG_WARN_CONSTANT_CONVERSION = YES;
				CLANG_WARN_DEPRECATED_OBJC_IMPLEMENTATIONS = YES;
				CLANG_WARN_DIRECT_OBJC_ISA_USAGE = YES_ERROR;
				CLANG_WARN_DOCUMENTATION_COMMENTS = YES;
				CLANG_WARN_EMPTY_BODY = YES;
				CLANG_WARN_ENUM_CONVERSION = YES;
				CLANG_WARN_INFINITE_RECURSION = YES;
				CLANG_WARN_INT_CONVERSION = YES;
				CLANG_WARN_NON_LITERAL_NULL_CONVERSION = YES;
				CLANG_WARN_OBJC_IMPLICIT_RETAIN_SELF = YES;
				CLANG_WARN_OBJC_LITERAL_CONVERSION = YES;
				CLANG_WARN_OBJC_ROOT_CLASS = YES_ERROR;
				CLANG_WARN_RANGE_LOOP_ANALYSIS = YES;
				CLANG_WARN_STRICT_PROTOTYPES = YES;
				CLANG_WARN_SUSPICIOUS_MOVE = YES;
				CLANG_WARN_UNGUARDED_AVAILABILITY = YES_AGGRESSIVE;
				CLANG_WARN_UNREACHABLE_CODE = YES;
				CLANG_WARN__DUPLICATE_METHOD_MATCH = YES;
				CODE_SIGN_IDENTITY = "iPhone Developer";
				COPY_PHASE_STRIP = NO;
				DEBUG_INFORMATION_FORMAT = "dwarf-with-dsym";
				ENABLE_NS_ASSERTIONS = NO;
				ENABLE_STRICT_OBJC_MSGSEND = YES;
				GCC_C_LANGUAGE_STANDARD = gnu11;
				GCC_NO_COMMON_BLOCKS = YES;
				GCC_WARN_64_TO_32_BIT_CONVERSION = YES;
				GCC_WARN_ABOUT_RETURN_TYPE = YES_ERROR;
				GCC_WARN_UNDECLARED_SELECTOR = YES;
				GCC_WARN_UNINITIALIZED_AUTOS = YES_AGGRESSIVE;
				GCC_WARN_UNUSED_FUNCTION = YES;
				GCC_WARN_UNUSED_VARIABLE = YES;
				IPHONEOS_DEPLOYMENT_TARGET = 11.4;
				MTL_ENABLE_DEBUG_INFO = NO;
				SDKROOT = iphoneos;
				SWIFT_COMPILATION_MODE = wholemodule;
				SWIFT_OPTIMIZATION_LEVEL = "-O";
				VALIDATE_PRODUCT = YES;
			};
			name = Release;
		};
		503608BA2101AB190035B70E /* Debug */ = {
			isa = XCBuildConfiguration;
			buildSettings = {
				ASSETCATALOG_COMPILER_APPICON_NAME = AppIcon;
				CODE_SIGN_STYLE = Automatic;
				DEVELOPMENT_TEAM = 78U5SNGA5C;
				FRAMEWORK_SEARCH_PATHS = (
					"$(inherited)",
					"$(PROJECT_DIR)",
					"$(PROJECT_DIR)/SwiftGraphsCharts",
					"$(PROJECT_DIR)/Carthage/Build/iOS",
				);
				INFOPLIST_FILE = SwiftGraphsCharts/Info.plist;
				LD_RUNPATH_SEARCH_PATHS = (
					"$(inherited)",
					"@executable_path/Frameworks",
				);
				PRODUCT_BUNDLE_IDENTIFIER = info.lansachia.SwiftGraphsCharts;
				PRODUCT_NAME = "$(TARGET_NAME)";
				SWIFT_VERSION = 4.0;
				TARGETED_DEVICE_FAMILY = "1,2";
			};
			name = Debug;
		};
		503608BB2101AB190035B70E /* Release */ = {
			isa = XCBuildConfiguration;
			buildSettings = {
				ASSETCATALOG_COMPILER_APPICON_NAME = AppIcon;
				CODE_SIGN_STYLE = Automatic;
				DEVELOPMENT_TEAM = 78U5SNGA5C;
				FRAMEWORK_SEARCH_PATHS = (
					"$(inherited)",
					"$(PROJECT_DIR)",
					"$(PROJECT_DIR)/SwiftGraphsCharts",
					"$(PROJECT_DIR)/Carthage/Build/iOS",
				);
				INFOPLIST_FILE = SwiftGraphsCharts/Info.plist;
				LD_RUNPATH_SEARCH_PATHS = (
					"$(inherited)",
					"@executable_path/Frameworks",
				);
				PRODUCT_BUNDLE_IDENTIFIER = info.lansachia.SwiftGraphsCharts;
				PRODUCT_NAME = "$(TARGET_NAME)";
				SWIFT_VERSION = 4.0;
				TARGETED_DEVICE_FAMILY = "1,2";
			};
			name = Release;
		};
/* End XCBuildConfiguration section */

/* Begin XCConfigurationList section */
		503608A22101AB020035B70E /* Build configuration list for PBXProject "SwiftGraphsCharts" */ = {
			isa = XCConfigurationList;
			buildConfigurations = (
				503608B72101AB190035B70E /* Debug */,
				503608B82101AB190035B70E /* Release */,
			);
			defaultConfigurationIsVisible = 0;
			defaultConfigurationName = Release;
		};
		503608B92101AB190035B70E /* Build configuration list for PBXNativeTarget "SwiftGraphsCharts" */ = {
			isa = XCConfigurationList;
			buildConfigurations = (
				503608BA2101AB190035B70E /* Debug */,
				503608BB2101AB190035B70E /* Release */,
			);
			defaultConfigurationIsVisible = 0;
			defaultConfigurationName = Release;
		};
/* End XCConfigurationList section */
	};
	rootObject = 5036089F2101AB020035B70E /* Project object */;
}
